{
  "requires": true,
  "lockfileVersion": 1,
  "dependencies": {
    "@apidevtools/json-schema-ref-parser": {
      "version": "9.0.1",
      "resolved": "https://registry.npmjs.org/@apidevtools/json-schema-ref-parser/-/json-schema-ref-parser-9.0.1.tgz",
      "integrity": "sha512-Qsdz0W0dyK84BuBh5KZATWXOtVDXIF2EeNRzpyWblPUeAmnIokwWcwrpAm5pTPMjuWoIQt9C67X3Af1OlL6oSw==",
      "requires": {
        "@jsdevtools/ono": "^7.1.2",
        "call-me-maybe": "^1.0.1",
        "js-yaml": "^3.13.1"
      }
    },
    "@cloudflare/json-schema-walker": {
      "version": "0.1.1",
      "resolved": "https://registry.npmjs.org/@cloudflare/json-schema-walker/-/json-schema-walker-0.1.1.tgz",
      "integrity": "sha512-P3n0hEgk1m6uKWgL4Yb1owzXVG4pM70G4kRnDQxZXiVvfCRtaqiHu+ZRiRPzmwGBiLTO1LWc2yR1M8oz0YkXww=="
    },
    "@jsdevtools/ono": {
      "version": "7.1.2",
      "resolved": "https://registry.npmjs.org/@jsdevtools/ono/-/ono-7.1.2.tgz",
      "integrity": "sha512-qS/a24RA5FEoiJS9wiv6Pwg2c/kiUo3IVUQcfeM9JvsR6pM8Yx+yl/6xWYLckZCT5jpLNhslgjiA8p/XcGyMRQ=="
    },
    "argparse": {
      "version": "1.0.10",
      "resolved": "https://registry.npmjs.org/argparse/-/argparse-1.0.10.tgz",
      "integrity": "sha512-o5Roy6tNG4SL/FOkCAN6RzjiakZS25RLYFrcMttJqbdd8BWrnA+fGz57iN5Pb06pvBGvl5gQ0B48dJlslXvoTg==",
      "requires": {
        "sprintf-js": "~1.0.2"
      }
    },
    "call-me-maybe": {
      "version": "1.0.1",
      "resolved": "https://registry.npmjs.org/call-me-maybe/-/call-me-maybe-1.0.1.tgz",
      "integrity": "sha1-JtII6onje1y95gJQoV8DHBak1ms="
    },
    "esprima": {
      "version": "4.0.1",
      "resolved": "https://registry.npmjs.org/esprima/-/esprima-4.0.1.tgz",
      "integrity": "sha512-eGuFFw7Upda+g4p+QHvnW0RyTX/SVeJBDM/gCtMARO0cLuT2HcEKnTPvhjV6aGeqrCB/sbNop0Kszm0jsaWU4A=="
    },
    "js-yaml": {
      "version": "3.14.0",
      "resolved": "https://registry.npmjs.org/js-yaml/-/js-yaml-3.14.0.tgz",
      "integrity": "sha512-/4IbIeHcD9VMHFqDR/gQ7EdZdLimOvW2DdcxFjdyyZ9NsbS+ccrXqVWDtab/lRl5AlUqmpBx8EhPaWR+OtY17A==",
      "requires": {
        "argparse": "^1.0.7",
        "esprima": "^4.0.0"
      }
    },
    "json-schema-to-openapi-schema": {
      "version": "0.4.0",
      "resolved": "https://registry.npmjs.org/json-schema-to-openapi-schema/-/json-schema-to-openapi-schema-0.4.0.tgz",
      "integrity": "sha512-/DY8s4l28M5ZIJBhmcUFWbZChJV5v7RCA7RMVxubyD1l5KwIceUq6+EUnqQ2q3wh/2D3Zn8bNSeAu1i2X+sMHQ==",
      "requires": {
        "@cloudflare/json-schema-walker": "^0.1.1"
      }
    },
    "sprintf-js": {
      "version": "1.0.3",
      "resolved": "https://registry.npmjs.org/sprintf-js/-/sprintf-js-1.0.3.tgz",
      "integrity": "sha1-BOaSb2YolTVPPdAVIDYzuFcpfiw="
    }
  }
}
